
Microsoft Visual Studio Solution File, Format Version 12.00
Project("{FAE04EC0-301F-11D3-BF4B-00C04F79EFBC}") = "TestSignalR", "TestSignalR\TestSignalR.csproj", "{BBBD469E-38AC-4B1C-8927-4401D781CB0B}"
EndProject
Global
	GlobalSection(SolutionConfigurationPlatforms) = preSolution
		Debug|Any CPU = Debug|Any CPU
		Release|Any CPU = Release|Any CPU
	EndGlobalSection
	GlobalSection(ProjectConfigurationPlatforms) = postSolution
		{BBBD469E-38AC-4B1C-8927-4401D781CB0B}.Debug|Any CPU.ActiveCfg = Debug|Any CPU
		{BBBD469E-38AC-4B1C-8927-4401D781CB0B}.Debug|Any CPU.Build.0 = Debug|Any CPU
		{BBBD469E-38AC-4B1C-8927-4401D781CB0B}.Release|Any CPU.ActiveCfg = Release|Any CPU
		{BBBD469E-38AC-4B1C-8927-4401D781CB0B}.Release|Any CPU.Build.0 = Release|Any CPU
	EndGlobalSection
EndGlobal
